
Microsoft Visual Studio Solution File, Format Version 12.00
# Visual Studio Version 17
VisualStudioVersion = 17.0.32112.339
MinimumVisualStudioVersion = 10.0.40219.1
Project("{FAE04EC0-301F-11D3-BF4B-00C04F79EFBC}") = "Records", "Records\Records.csproj", "{8368D9C5-41B8-4284-9467-F708050AFCBF}"
EndProject
Project("{FAE04EC0-301F-11D3-BF4B-00C04F79EFBC}") = "DefaultStructExample", "IZtrii\DefaultStructExample.csproj", "{577C5388-E83A-4FE8-92E9-55112D18BFE2}"
EndProject
Global
	GlobalSection(SolutionConfigurationPlatforms) = preSolution
		Debug|Any CPU = Debug|Any CPU
		Release|Any CPU = Release|Any CPU
	EndGlobalSection
	GlobalSection(ProjectConfigurationPlatforms) = postSolution
		{8368D9C5-41B8-4284-9467-F708050AFCBF}.Debug|Any CPU.ActiveCfg = Debug|Any CPU
		{8368D9C5-41B8-4284-9467-F708050AFCBF}.Debug|Any CPU.Build.0 = Debug|Any CPU
		{8368D9C5-41B8-4284-9467-F708050AFCBF}.Release|Any CPU.ActiveCfg = Release|Any CPU
		{8368D9C5-41B8-4284-9467-F708050AFCBF}.Release|Any CPU.Build.0 = Release|Any CPU
		{577C5388-E83A-4FE8-92E9-55112D18BFE2}.Debug|Any CPU.ActiveCfg = Debug|Any CPU
		{577C5388-E83A-4FE8-92E9-55112D18BFE2}.Debug|Any CPU.Build.0 = Debug|Any CPU
		{577C5388-E83A-4FE8-92E9-55112D18BFE2}.Release|Any CPU.ActiveCfg = Release|Any CPU
		{577C5388-E83A-4FE8-92E9-55112D18BFE2}.Release|Any CPU.Build.0 = Release|Any CPU
	EndGlobalSection
	GlobalSection(SolutionProperties) = preSolution
		HideSolutionNode = FALSE
	EndGlobalSection
	GlobalSection(ExtensibilityGlobals) = postSolution
		SolutionGuid = {4B9E4844-8E82-4BD1-9281-D6C377A01144}
	EndGlobalSection
EndGlobal
