
Microsoft Visual Studio Solution File, Format Version 12.00
# Visual Studio Version 17
VisualStudioVersion = 17.0.32112.339
MinimumVisualStudioVersion = 10.0.40219.1
Project("{FAE04EC0-301F-11D3-BF4B-00C04F79EFBC}") = "ImplicitАndExplicitOperatorsOverClassessOrStructs", "ImplicitАndExplicitOperatorsOverClassessOrStructs\ImplicitАndExplicitOperatorsOverClassessOrStructs.csproj", "{A4C89340-1942-45A9-9C52-11AB0C26F485}"
EndProject
Global
	GlobalSection(SolutionConfigurationPlatforms) = preSolution
		Debug|Any CPU = Debug|Any CPU
		Release|Any CPU = Release|Any CPU
	EndGlobalSection
	GlobalSection(ProjectConfigurationPlatforms) = postSolution
		{A4C89340-1942-45A9-9C52-11AB0C26F485}.Debug|Any CPU.ActiveCfg = Debug|Any CPU
		{A4C89340-1942-45A9-9C52-11AB0C26F485}.Debug|Any CPU.Build.0 = Debug|Any CPU
		{A4C89340-1942-45A9-9C52-11AB0C26F485}.Release|Any CPU.ActiveCfg = Release|Any CPU
		{A4C89340-1942-45A9-9C52-11AB0C26F485}.Release|Any CPU.Build.0 = Release|Any CPU
	EndGlobalSection
	GlobalSection(SolutionProperties) = preSolution
		HideSolutionNode = FALSE
	EndGlobalSection
	GlobalSection(ExtensibilityGlobals) = postSolution
		SolutionGuid = {11F4C53C-6CCD-4BE9-836D-58EDB9BC7CFC}
	EndGlobalSection
EndGlobal
