
Microsoft Visual Studio Solution File, Format Version 12.00
# Visual Studio Version 17
VisualStudioVersion = 17.0.32112.339
MinimumVisualStudioVersion = 10.0.40219.1
Project("{FAE04EC0-301F-11D3-BF4B-00C04F79EFBC}") = "HandleOperations", "HandleOperations\HandleOperations.csproj", "{6E01BF70-D2ED-4B5D-BBEA-B68418745B91}"
EndProject
Global
	GlobalSection(SolutionConfigurationPlatforms) = preSolution
		Debug|Any CPU = Debug|Any CPU
		Release|Any CPU = Release|Any CPU
	EndGlobalSection
	GlobalSection(ProjectConfigurationPlatforms) = postSolution
		{6E01BF70-D2ED-4B5D-BBEA-B68418745B91}.Debug|Any CPU.ActiveCfg = Debug|Any CPU
		{6E01BF70-D2ED-4B5D-BBEA-B68418745B91}.Debug|Any CPU.Build.0 = Debug|Any CPU
		{6E01BF70-D2ED-4B5D-BBEA-B68418745B91}.Release|Any CPU.ActiveCfg = Release|Any CPU
		{6E01BF70-D2ED-4B5D-BBEA-B68418745B91}.Release|Any CPU.Build.0 = Release|Any CPU
	EndGlobalSection
	GlobalSection(SolutionProperties) = preSolution
		HideSolutionNode = FALSE
	EndGlobalSection
	GlobalSection(ExtensibilityGlobals) = postSolution
		SolutionGuid = {258978D4-0A7B-4526-A492-C31DDF5EDA3C}
	EndGlobalSection
EndGlobal
